<?xml version="1.0" encoding="utf-8"?>
<Project ToolsVersion="4.0" xmlns="http://schemas.microsoft.com/developer/msbuild/2003">
  <ItemGroup>
    <Filter Include="Source Files">
      <UniqueIdentifier>{4FC737F1-C7A5-4376-A066-2A32D752A2FF}</UniqueIdentifier>
      <Extensions>cpp;c;cc;cxx;def;odl;idl;hpj;bat;asm;asmx</Extensions>
    </Filter>
    <Filter Include="Header Files">
      <UniqueIdentifier>{93995380-89BD-4b04-88EB-625FBE52EBFB}</UniqueIdentifier>
      <Extensions>h;hh;hpp;hxx;hm;inl;inc;xsd</Extensions>
    </Filter>
    <Filter Include="Resource Files">
      <UniqueIdentifier>{67DA6AB6-F800-4c08-8B7A-83BB121AAD01}</UniqueIdentifier>
      <Extensions>rc;ico;cur;bmp;dlg;rc2;rct;bin;rgs;gif;jpg;jpeg;jpe;resx;tiff;tif;png;wav;mfcribbon-ms</Extensions>
    </Filter>
    <Filter Include="sge_ui">
      <UniqueIdentifier>{f6c37b0a-690a-427d-8b18-db7e8c80ad23}</UniqueIdentifier>
    </Filter>
  </ItemGroup>
  <ItemGroup>
    <ClCompile Include="..\abstracttexture.cpp">
      <Filter>Header Files</Filter>
    </ClCompile>
    <ClCompile Include="..\basicjargshader.cpp">
      <Filter>Header Files</Filter>
    </ClCompile>
    <ClCompile Include="..\camera.cpp">
      <Filter>Header Files</Filter>
    </ClCompile>
    <ClCompile Include="..\ClassicNoise.cpp">
      <Filter>Header Files</Filter>
    </ClCompile>
    <ClCompile Include="..\colorextender.cpp">
      <Filter>Header Files</Filter>
    </ClCompile>
    <ClCompile Include="..\colorscheme.cpp">
      <Filter>Header Files</Filter>
    </ClCompile>
    <ClCompile Include="..\font.cpp">
      <Filter>Header Files</Filter>
    </ClCompile>
    <ClCompile Include="..\fpscounter.cpp">
      <Filter>Header Files</Filter>
    </ClCompile>
    <ClCompile Include="..\gametimer.cpp">
      <Filter>Header Files</Filter>
    </ClCompile>
    <ClCompile Include="..\gamewindow.cpp">
      <Filter>Header Files</Filter>
    </ClCompile>
    <ClCompile Include="..\gbuffer.cpp">
      <Filter>Header Files</Filter>
    </ClCompile>
    <ClCompile Include="..\helper.cpp">
      <Filter>Header Files</Filter>
    </ClCompile>
    <ClCompile Include="..\keyboard.cpp">
      <Filter>Header Files</Filter>
    </ClCompile>
    <ClCompile Include="..\logger.cpp">
      <Filter>Header Files</Filter>
    </ClCompile>
    <ClCompile Include="..\main.cpp">
      <Filter>Header Files</Filter>
    </ClCompile>
    <ClCompile Include="..\material.cpp">
      <Filter>Header Files</Filter>
    </ClCompile>
    <ClCompile Include="..\mouse.cpp">
      <Filter>Header Files</Filter>
    </ClCompile>
    <ClCompile Include="..\pixmap.cpp">
      <Filter>Header Files</Filter>
    </ClCompile>
    <ClCompile Include="..\prefecences.cpp">
      <Filter>Header Files</Filter>
    </ClCompile>
    <ClCompile Include="..\shader.cpp">
      <Filter>Header Files</Filter>
    </ClCompile>
    <ClCompile Include="..\singleton.cpp">
      <Filter>Header Files</Filter>
    </ClCompile>
    <ClCompile Include="..\spheretesselator.cpp">
      <Filter>Header Files</Filter>
    </ClCompile>
    <ClCompile Include="..\spritebatch.cpp">
      <Filter>Header Files</Filter>
    </ClCompile>
    <ClCompile Include="..\texture.cpp">
      <Filter>Header Files</Filter>
    </ClCompile>
    <ClCompile Include="..\textureatlas.cpp">
      <Filter>Header Files</Filter>
    </ClCompile>
    <ClCompile Include="..\geometry\cube.cpp">
      <Filter>Source Files</Filter>
    </ClCompile>
    <ClCompile Include="..\geometry\icosahedron.cpp">
      <Filter>Source Files</Filter>
    </ClCompile>
    <ClCompile Include="..\geometry\mesh.cpp">
      <Filter>Source Files</Filter>
    </ClCompile>
    <ClCompile Include="..\geometry\model.cpp">
      <Filter>Source Files</Filter>
    </ClCompile>
    <ClCompile Include="..\geometry\quad.cpp">
      <Filter>Source Files</Filter>
    </ClCompile>
    <ClCompile Include="..\geometry\vpnt.cpp">
      <Filter>Source Files</Filter>
    </ClCompile>
    <ClCompile Include="..\json\json_reader.cpp">
      <Filter>Source Files</Filter>
    </ClCompile>
    <ClCompile Include="..\json\json_value.cpp">
      <Filter>Source Files</Filter>
    </ClCompile>
    <ClCompile Include="..\json\json_writer.cpp">
      <Filter>Source Files</Filter>
    </ClCompile>
    <ClCompile Include="..\lodepng\lodepng.cpp">
      <Filter>Source Files</Filter>
    </ClCompile>
    <ClCompile Include="..\sge_ui\button.cpp">
      <Filter>Source Files</Filter>
    </ClCompile>
    <ClCompile Include="..\sge_ui\component.cpp">
      <Filter>Source Files</Filter>
    </ClCompile>
    <ClCompile Include="..\sge_ui\graph.cpp">
      <Filter>Source Files</Filter>
    </ClCompile>
    <ClCompile Include="..\sge_ui\label.cpp">
      <Filter>Source Files</Filter>
    </ClCompile>
    <ClCompile Include="..\sge_ui\list_container.cpp">
      <Filter>Source Files</Filter>
    </ClCompile>
    <ClCompile Include="..\sge_ui\panel.cpp">
      <Filter>Source Files</Filter>
    </ClCompile>
    <ClCompile Include="..\sge_ui\vertical_bar.cpp">
      <Filter>Source Files</Filter>
    </ClCompile>
    <ClCompile Include="..\sge_ui\win.cpp">
      <Filter>Source Files</Filter>
    </ClCompile>
    <ClCompile Include="..\sge_ui\wins.cpp">
      <Filter>Source Files</Filter>
    </ClCompile>
  </ItemGroup>
  <ItemGroup>
    <ClInclude Include="..\abstracttexture.h">
      <Filter>Header Files</Filter>
    </ClInclude>
    <ClInclude Include="..\basicjargshader.h">
      <Filter>Header Files</Filter>
    </ClInclude>
    <ClInclude Include="..\camera.h">
      <Filter>Header Files</Filter>
    </ClInclude>
    <ClInclude Include="..\ClassicNoise.h">
      <Filter>Header Files</Filter>
    </ClInclude>
    <ClInclude Include="..\colorextender.h">
      <Filter>Header Files</Filter>
    </ClInclude>
    <ClInclude Include="..\colorscheme.h">
      <Filter>Header Files</Filter>
    </ClInclude>
    <ClInclude Include="..\fielsystem.h">
      <Filter>Header Files</Filter>
    </ClInclude>
    <ClInclude Include="..\font.h">
      <Filter>Header Files</Filter>
    </ClInclude>
    <ClInclude Include="..\fpscounter.h">
      <Filter>Header Files</Filter>
    </ClInclude>
    <ClInclude Include="..\gametimer.h">
      <Filter>Header Files</Filter>
    </ClInclude>
    <ClInclude Include="..\gamewindow.h">
      <Filter>Header Files</Filter>
    </ClInclude>
    <ClInclude Include="..\gbuffer.h">
      <Filter>Header Files</Filter>
    </ClInclude>
    <ClInclude Include="..\helper.h">
      <Filter>Header Files</Filter>
    </ClInclude>
    <ClInclude Include="..\keyboard.h">
      <Filter>Header Files</Filter>
    </ClInclude>
    <ClInclude Include="..\logger.h">
      <Filter>Header Files</Filter>
    </ClInclude>
    <ClInclude Include="..\material.h">
      <Filter>Header Files</Filter>
    </ClInclude>
    <ClInclude Include="..\mouse.h">
      <Filter>Header Files</Filter>
    </ClInclude>
    <ClInclude Include="..\pixmap.h">
      <Filter>Header Files</Filter>
    </ClInclude>
    <ClInclude Include="..\prefecences.h">
      <Filter>Header Files</Filter>
    </ClInclude>
    <ClInclude Include="..\sge.hpp">
      <Filter>Header Files</Filter>
    </ClInclude>
    <ClInclude Include="..\sge_geometry.h">
      <Filter>Header Files</Filter>
    </ClInclude>
    <ClInclude Include="..\shader.h">
      <Filter>Header Files</Filter>
    </ClInclude>
    <ClInclude Include="..\singleton.h">
      <Filter>Header Files</Filter>
    </ClInclude>
    <ClInclude Include="..\spheretesselator.h">
      <Filter>Header Files</Filter>
    </ClInclude>
    <ClInclude Include="..\spritebatch.h">
      <Filter>Header Files</Filter>
    </ClInclude>
    <ClInclude Include="..\tangentcalc.h">
      <Filter>Header Files</Filter>
    </ClInclude>
    <ClInclude Include="..\texture.h">
      <Filter>Header Files</Filter>
    </ClInclude>
    <ClInclude Include="..\textureatlas.h">
      <Filter>Header Files</Filter>
    </ClInclude>
    <ClInclude Include="..\geometry\cube.h">
      <Filter>Source Files</Filter>
    </ClInclude>
    <ClInclude Include="..\geometry\geometry.hpp">
      <Filter>Source Files</Filter>
    </ClInclude>
    <ClInclude Include="..\geometry\icosahedron.h">
      <Filter>Source Files</Filter>
    </ClInclude>
    <ClInclude Include="..\geometry\mesh.h">
      <Filter>Source Files</Filter>
    </ClInclude>
    <ClInclude Include="..\geometry\model.h">
      <Filter>Source Files</Filter>
    </ClInclude>
    <ClInclude Include="..\geometry\quad.h">
      <Filter>Source Files</Filter>
    </ClInclude>
    <ClInclude Include="..\geometry\vpnt.h">
      <Filter>Source Files</Filter>
    </ClInclude>
    <ClInclude Include="..\json\autolink.h">
      <Filter>Source Files</Filter>
    </ClInclude>
    <ClInclude Include="..\json\config.h">
      <Filter>Source Files</Filter>
    </ClInclude>
    <ClInclude Include="..\json\features.h">
      <Filter>Source Files</Filter>
    </ClInclude>
    <ClInclude Include="..\json\forwards.h">
      <Filter>Source Files</Filter>
    </ClInclude>
    <ClInclude Include="..\json\json.h">
      <Filter>Source Files</Filter>
    </ClInclude>
    <ClInclude Include="..\json\json_batchallocator.h">
      <Filter>Source Files</Filter>
    </ClInclude>
    <ClInclude Include="..\json\reader.h">
      <Filter>Source Files</Filter>
    </ClInclude>
    <ClInclude Include="..\json\value.h">
      <Filter>Source Files</Filter>
    </ClInclude>
    <ClInclude Include="..\json\writer.h">
      <Filter>Source Files</Filter>
    </ClInclude>
    <ClInclude Include="..\lodepng\lodepng.h">
      <Filter>Source Files</Filter>
    </ClInclude>
    <ClInclude Include="..\sge_ui\button.h">
      <Filter>Source Files</Filter>
    </ClInclude>
    <ClInclude Include="..\sge_ui\component.h">
      <Filter>Source Files</Filter>
    </ClInclude>
    <ClInclude Include="..\sge_ui\graph.h">
      <Filter>Source Files</Filter>
    </ClInclude>
    <ClInclude Include="..\sge_ui\label.h">
      <Filter>Source Files</Filter>
    </ClInclude>
    <ClInclude Include="..\sge_ui\list_container.h">
      <Filter>Source Files</Filter>
    </ClInclude>
    <ClInclude Include="..\sge_ui\panel.h">
      <Filter>Source Files</Filter>
    </ClInclude>
    <ClInclude Include="..\sge_ui\vertical_bar.h">
      <Filter>Source Files</Filter>
    </ClInclude>
    <ClInclude Include="..\sge_ui\wcontainer.h">
      <Filter>Source Files</Filter>
    </ClInclude>
    <ClInclude Include="..\sge_ui\win.h">
      <Filter>Source Files</Filter>
    </ClInclude>
    <ClInclude Include="..\sge_ui\wins.h">
      <Filter>Source Files</Filter>
    </ClInclude>
    <ClInclude Include="..\utfcpp\utf8\checked.h">
      <Filter>Source Files</Filter>
    </ClInclude>
    <ClInclude Include="..\utfcpp\utf8\core.h">
      <Filter>Source Files</Filter>
    </ClInclude>
    <ClInclude Include="..\utfcpp\utf8\unchecked.h">
      <Filter>Source Files</Filter>
    </ClInclude>
    <ClInclude Include="..\utfcpp\utf8.h">
      <Filter>Source Files</Filter>
    </ClInclude>
  </ItemGroup>
  <ItemGroup>
    <None Include="..\json\json_internalarray.inl">
      <Filter>Source Files</Filter>
    </None>
    <None Include="..\json\json_internalmap.inl">
      <Filter>Source Files</Filter>
    </None>
    <None Include="..\json\json_valueiterator.inl">
      <Filter>Source Files</Filter>
    </None>
  </ItemGroup>
</Project>