<?xml version="1.0" encoding="utf-8"?>
<Project ToolsVersion="4.0" xmlns="http://schemas.microsoft.com/developer/msbuild/2003">
  <ItemGroup>
    <ClCompile Include="..\abstracttexture.cpp" />
    <ClCompile Include="..\basicjargshader.cpp" />
    <ClCompile Include="..\camera.cpp" />
    <ClCompile Include="..\ClassicNoise.cpp" />
    <ClCompile Include="..\colorextender.cpp" />
    <ClCompile Include="..\colorscheme.cpp" />
    <ClCompile Include="..\fpscounter.cpp" />
    <ClCompile Include="..\FrameBuffer.cpp" />
    <ClCompile Include="..\gametimer.cpp" />
    <ClCompile Include="..\gamewindow.cpp" />
    <ClCompile Include="..\gbuffer.cpp" />
    <ClCompile Include="..\helper.cpp" />
    <ClCompile Include="..\light.cpp" />
    <ClCompile Include="..\logger.cpp" />
    <ClCompile Include="..\main.cpp" />
    <ClCompile Include="..\prefecences.cpp" />
    <ClCompile Include="..\random.cpp" />
    <ClCompile Include="..\scene.cpp" />
    <ClCompile Include="..\shader.cpp" />
    <ClCompile Include="..\singleton.cpp" />
    <ClCompile Include="..\sql.cpp" />
    <ClCompile Include="..\textureatlas.cpp" />
    <ClCompile Include="..\TextureGenerator.cpp" />
    <ClCompile Include="..\geometry\memorychunkcontroller.cpp">
      <Filter>geometry</Filter>
    </ClCompile>
    <ClCompile Include="..\geometry\meshbase.cpp">
      <Filter>geometry</Filter>
    </ClCompile>
    <ClCompile Include="..\geometry\model.cpp">
      <Filter>geometry</Filter>
    </ClCompile>
    <ClCompile Include="..\geometry\multimesh.cpp">
      <Filter>geometry</Filter>
    </ClCompile>
    <ClCompile Include="..\geometry\ring.cpp">
      <Filter>geometry</Filter>
    </ClCompile>
    <ClCompile Include="..\geometry\ubillboard.cpp">
      <Filter>geometry</Filter>
    </ClCompile>
    <ClCompile Include="..\geometry\umesh.cpp">
      <Filter>geometry</Filter>
    </ClCompile>
    <ClCompile Include="..\geometry\vertex.cpp">
      <Filter>geometry</Filter>
    </ClCompile>
    <ClCompile Include="..\geometry\vertexinfo.cpp">
      <Filter>geometry</Filter>
    </ClCompile>
    <ClCompile Include="..\geometry\vpnt.cpp">
      <Filter>geometry</Filter>
    </ClCompile>
    <ClCompile Include="..\space\logic\item.cpp">
      <Filter>space</Filter>
    </ClCompile>
    <ClCompile Include="..\space\logic\itemstorage.cpp">
      <Filter>space</Filter>
    </ClCompile>
    <ClCompile Include="..\space\planet_model\city.cpp">
      <Filter>space</Filter>
    </ClCompile>
    <ClCompile Include="..\space\planet_model\country.cpp">
      <Filter>space</Filter>
    </ClCompile>
    <ClCompile Include="..\space\planet_model\planet_population.cpp">
      <Filter>space</Filter>
    </ClCompile>
    <ClCompile Include="..\space\planet_model\resource.cpp">
      <Filter>space</Filter>
    </ClCompile>
    <ClCompile Include="..\space\ship_model\attachpoint.cpp">
      <Filter>space</Filter>
    </ClCompile>
    <ClCompile Include="..\space\ship_model\hull.cpp">
      <Filter>space</Filter>
    </ClCompile>
    <ClCompile Include="..\space\object.cpp">
      <Filter>space</Filter>
    </ClCompile>
    <ClCompile Include="..\space\objectbase.cpp">
      <Filter>space</Filter>
    </ClCompile>
    <ClCompile Include="..\space\spacesystem.cpp">
      <Filter>space</Filter>
    </ClCompile>
    <ClCompile Include="..\space\structure.cpp">
      <Filter>space</Filter>
    </ClCompile>
    <ClCompile Include="..\core\tree.cpp">
      <Filter>core</Filter>
    </ClCompile>
    <ClCompile Include="..\core\uniqueid.cpp">
      <Filter>core</Filter>
    </ClCompile>
    <ClCompile Include="..\resources\material.cpp">
      <Filter>resources</Filter>
    </ClCompile>
    <ClCompile Include="..\resources\pixmap.cpp">
      <Filter>resources</Filter>
    </ClCompile>
    <ClCompile Include="..\resources\resourcecontroller.cpp">
      <Filter>resources</Filter>
    </ClCompile>
    <ClCompile Include="..\resources\texture.cpp">
      <Filter>resources</Filter>
    </ClCompile>
    <ClCompile Include="..\resources\texturebase.cpp">
      <Filter>resources</Filter>
    </ClCompile>
    <ClCompile Include="..\resources\umaterial.cpp">
      <Filter>resources</Filter>
    </ClCompile>
    <ClCompile Include="..\lodepng\lodepng.cpp">
      <Filter>geometry</Filter>
    </ClCompile>
    <ClCompile Include="..\experimental\marchingcubes.cpp">
      <Filter>experimental</Filter>
    </ClCompile>
    <ClCompile Include="..\experimental\quadplane.cpp">
      <Filter>experimental</Filter>
    </ClCompile>
    <ClCompile Include="..\experimental\quadsphere.cpp">
      <Filter>experimental</Filter>
    </ClCompile>
    <ClCompile Include="..\experimental\scattering.cpp">
      <Filter>experimental</Filter>
    </ClCompile>
    <ClCompile Include="..\experimental\starfield.cpp">
      <Filter>experimental</Filter>
    </ClCompile>
    <ClCompile Include="..\experimental\voxelstructure.cpp">
      <Filter>experimental</Filter>
    </ClCompile>
    <ClCompile Include="..\imgui\imgui_impl_glfw_gl3.cpp">
      <Filter>imgui</Filter>
    </ClCompile>
    <ClCompile Include="..\imgui\imgui.cpp">
      <Filter>imgui</Filter>
    </ClCompile>
    <ClCompile Include="..\imgui\imgui_draw.cpp">
      <Filter>imgui</Filter>
    </ClCompile>
  </ItemGroup>
  <ItemGroup>
    <ClInclude Include="..\abstracttexture.h" />
    <ClInclude Include="..\basicjargshader.h" />
    <ClInclude Include="..\camera.h" />
    <ClInclude Include="..\ClassicNoise.h" />
    <ClInclude Include="..\colorextender.h" />
    <ClInclude Include="..\colorscheme.h" />
    <ClInclude Include="..\fpscounter.h" />
    <ClInclude Include="..\FrameBuffer.h" />
    <ClInclude Include="..\gametimer.h" />
    <ClInclude Include="..\gamewindow.h" />
    <ClInclude Include="..\gbuffer.h" />
    <ClInclude Include="..\helper.h" />
    <ClInclude Include="..\light.h" />
    <ClInclude Include="..\logger.h" />
    <ClInclude Include="..\prefecences.h" />
    <ClInclude Include="..\random.h" />
    <ClInclude Include="..\scene.h" />
    <ClInclude Include="..\sge_fielsystem.h" />
    <ClInclude Include="..\sge_geometry.h" />
    <ClInclude Include="..\shader.h" />
    <ClInclude Include="..\singleton.h" />
    <ClInclude Include="..\sql.h" />
    <ClInclude Include="..\tangentcalc.h" />
    <ClInclude Include="..\textureatlas.h" />
    <ClInclude Include="..\TextureGenerator.h" />
    <ClInclude Include="..\sge.hpp" />
    <ClInclude Include="..\geometry\aabb.h">
      <Filter>geometry</Filter>
    </ClInclude>
    <ClInclude Include="..\geometry\memorychunkcontroller.h">
      <Filter>geometry</Filter>
    </ClInclude>
    <ClInclude Include="..\geometry\meshbase.h">
      <Filter>geometry</Filter>
    </ClInclude>
    <ClInclude Include="..\geometry\model.h">
      <Filter>geometry</Filter>
    </ClInclude>
    <ClInclude Include="..\geometry\multimesh.h">
      <Filter>geometry</Filter>
    </ClInclude>
    <ClInclude Include="..\geometry\ring.h">
      <Filter>geometry</Filter>
    </ClInclude>
    <ClInclude Include="..\geometry\ubillboard.h">
      <Filter>geometry</Filter>
    </ClInclude>
    <ClInclude Include="..\geometry\umesh.h">
      <Filter>geometry</Filter>
    </ClInclude>
    <ClInclude Include="..\geometry\vertex.h">
      <Filter>geometry</Filter>
    </ClInclude>
    <ClInclude Include="..\geometry\vertexinfo.h">
      <Filter>geometry</Filter>
    </ClInclude>
    <ClInclude Include="..\geometry\vpnt.h">
      <Filter>geometry</Filter>
    </ClInclude>
    <ClInclude Include="..\geometry\geometry.hpp">
      <Filter>geometry</Filter>
    </ClInclude>
    <ClInclude Include="..\space\logic\item.h">
      <Filter>space</Filter>
    </ClInclude>
    <ClInclude Include="..\space\logic\itemstorage.h">
      <Filter>space</Filter>
    </ClInclude>
    <ClInclude Include="..\space\planet_model\city.h">
      <Filter>space</Filter>
    </ClInclude>
    <ClInclude Include="..\space\planet_model\country.h">
      <Filter>space</Filter>
    </ClInclude>
    <ClInclude Include="..\space\planet_model\planet_population.h">
      <Filter>space</Filter>
    </ClInclude>
    <ClInclude Include="..\space\planet_model\resource.h">
      <Filter>space</Filter>
    </ClInclude>
    <ClInclude Include="..\space\ship_model\attachpoint.h">
      <Filter>space</Filter>
    </ClInclude>
    <ClInclude Include="..\space\ship_model\hull.h">
      <Filter>space</Filter>
    </ClInclude>
    <ClInclude Include="..\space\object.h">
      <Filter>space</Filter>
    </ClInclude>
    <ClInclude Include="..\space\objectbase.h">
      <Filter>space</Filter>
    </ClInclude>
    <ClInclude Include="..\space\solver.h">
      <Filter>space</Filter>
    </ClInclude>
    <ClInclude Include="..\space\spacesystem.h">
      <Filter>space</Filter>
    </ClInclude>
    <ClInclude Include="..\space\structure.h">
      <Filter>space</Filter>
    </ClInclude>
    <ClInclude Include="..\core\tree.h">
      <Filter>core</Filter>
    </ClInclude>
    <ClInclude Include="..\core\uniqueid.h">
      <Filter>core</Filter>
    </ClInclude>
    <ClInclude Include="..\resources\error_image.h">
      <Filter>resources</Filter>
    </ClInclude>
    <ClInclude Include="..\resources\material.h">
      <Filter>resources</Filter>
    </ClInclude>
    <ClInclude Include="..\resources\pixmap.h">
      <Filter>resources</Filter>
    </ClInclude>
    <ClInclude Include="..\resources\random_noise.h">
      <Filter>resources</Filter>
    </ClInclude>
    <ClInclude Include="..\resources\resourcecontroller.h">
      <Filter>resources</Filter>
    </ClInclude>
    <ClInclude Include="..\resources\texture.h">
      <Filter>resources</Filter>
    </ClInclude>
    <ClInclude Include="..\resources\texturebase.h">
      <Filter>resources</Filter>
    </ClInclude>
    <ClInclude Include="..\resources\umaterial.h">
      <Filter>resources</Filter>
    </ClInclude>
    <ClInclude Include="..\lodepng\lodepng.h">
      <Filter>geometry</Filter>
    </ClInclude>
    <ClInclude Include="..\experimental\marchingcubes.h">
      <Filter>experimental</Filter>
    </ClInclude>
    <ClInclude Include="..\experimental\marchingcubeshelper.h">
      <Filter>experimental</Filter>
    </ClInclude>
    <ClInclude Include="..\experimental\quadplane.h">
      <Filter>experimental</Filter>
    </ClInclude>
    <ClInclude Include="..\experimental\quadsphere.h">
      <Filter>experimental</Filter>
    </ClInclude>
    <ClInclude Include="..\experimental\scattering.h">
      <Filter>experimental</Filter>
    </ClInclude>
    <ClInclude Include="..\experimental\sphereparamstorage.h">
      <Filter>experimental</Filter>
    </ClInclude>
    <ClInclude Include="..\experimental\starfield.h">
      <Filter>experimental</Filter>
    </ClInclude>
    <ClInclude Include="..\experimental\voxelstructure.h">
      <Filter>experimental</Filter>
    </ClInclude>
    <ClInclude Include="..\imgui\imconfig.h">
      <Filter>imgui</Filter>
    </ClInclude>
    <ClInclude Include="..\imgui\imgui_impl_glfw_gl3.h">
      <Filter>imgui</Filter>
    </ClInclude>
    <ClInclude Include="..\imgui\imgui_internal.h">
      <Filter>imgui</Filter>
    </ClInclude>
    <ClInclude Include="..\imgui\imgui.h">
      <Filter>imgui</Filter>
    </ClInclude>
    <ClInclude Include="..\imgui\stb_truetype.h">
      <Filter>imgui</Filter>
    </ClInclude>
    <ClInclude Include="..\imgui\stb_textedit.h">
      <Filter>imgui</Filter>
    </ClInclude>
    <ClInclude Include="..\imgui\stb_rect_pack.h">
      <Filter>imgui</Filter>
    </ClInclude>
  </ItemGroup>
  <ItemGroup>
    <Filter Include="geometry">
      <UniqueIdentifier>{077fc580-b20c-4974-a1c8-21e0e7a80590}</UniqueIdentifier>
    </Filter>
    <Filter Include="space">
      <UniqueIdentifier>{f7dc3466-9033-4e52-b683-f8a06b309505}</UniqueIdentifier>
    </Filter>
    <Filter Include="core">
      <UniqueIdentifier>{bbe89758-8927-4943-b7dc-51017c0b0f98}</UniqueIdentifier>
    </Filter>
    <Filter Include="resources">
      <UniqueIdentifier>{919a5ef7-897c-4e16-b7b2-f9b18586143f}</UniqueIdentifier>
    </Filter>
    <Filter Include="experimental">
      <UniqueIdentifier>{160cacff-4566-4e7b-adb2-b792b9270fe3}</UniqueIdentifier>
    </Filter>
    <Filter Include="imgui">
      <UniqueIdentifier>{fd12cd40-b6d6-4ceb-a297-de72d7c1b296}</UniqueIdentifier>
    </Filter>
  </ItemGroup>
</Project>